
Microsoft Visual Studio Solution File, Format Version 12.00
# Visual Studio Version 17
VisualStudioVersion = 17.0.31903.59
MinimumVisualStudioVersion = 10.0.40219.1
Project("{9A19103F-16F7-4668-BE54-9A1E7A4F7556}") = "MVC", "MVC\MVC.csproj", "{BE2224FF-4FF2-4B7A-BC14-0A6570A7A5F0}"
EndProject
Global
	GlobalSection(SolutionConfigurationPlatforms) = preSolution
		Debug|Any CPU = Debug|Any CPU
		Release|Any CPU = Release|Any CPU
	EndGlobalSection
	GlobalSection(ProjectConfigurationPlatforms) = postSolution
		{BE2224FF-4FF2-4B7A-BC14-0A6570A7A5F0}.Debug|Any CPU.ActiveCfg = Debug|Any CPU
		{BE2224FF-4FF2-4B7A-BC14-0A6570A7A5F0}.Debug|Any CPU.Build.0 = Debug|Any CPU
		{BE2224FF-4FF2-4B7A-BC14-0A6570A7A5F0}.Release|Any CPU.ActiveCfg = Release|Any CPU
		{BE2224FF-4FF2-4B7A-BC14-0A6570A7A5F0}.Release|Any CPU.Build.0 = Release|Any CPU
	EndGlobalSection
	GlobalSection(SolutionProperties) = preSolution
		HideSolutionNode = FALSE
	EndGlobalSection
	GlobalSection(ExtensibilityGlobals) = postSolution
		SolutionGuid = {516EB15A-F7D7-4E27-8788-F20318D0D5C4}
	EndGlobalSection
EndGlobal
